{
    "_meta": {
        "hash": {
            "sha256": "0a6ba23e95d359b4ab62d29c7a699a5798699bb8824782d0b65de3d0db532449"
        },
        "pipfile-spec": 6,
        "requires": {
            "python_version": "3.7"
        },
        "sources": [
            {
                "name": "pypi",
                "url": "https://pypi.org/simple",
                "verify_ssl": true
            }
        ]
    },
    "default": {
        "django": {
            "hashes": [
                "sha256:7c8ff92285406fb349e765e9ade685eec7271d6f5c3f918e495a74768b765c99",
                "sha256:dc3b61d054f1bced64628c62025d480f655303aea9f408e5996c339a543b45f0"
            ],
            "index": "pypi",
            "version": "==2.0.2"
        },
        "pytz": {
            "hashes": [
                "sha256:1c557d7d0e871de1f5ccd5833f60fb2550652da6be2693c1e02300743d21500d",
                "sha256:b02c06db6cf09c12dd25137e563b31700d3b80fcc4ad23abb7a315f2789819be"
            ],
            "version": "==2019.3"
        }
    },
    "develop": {}
}
